
Microsoft Visual Studio Solution File, Format Version 12.00
# Visual Studio Version 17
VisualStudioVersion = 17.9.34616.47
MinimumVisualStudioVersion = 10.0.40219.1
Project("{FAE04EC0-301F-11D3-BF4B-00C04F79EFBC}") = "CAB201 Object Oriented Design and Implementation", "CAB201 Object Oriented Design and Implementation.csproj", "{CEB4F6CD-4773-491A-852B-429D7ADB8158}"
EndProject
Global
	GlobalSection(SolutionConfigurationPlatforms) = preSolution
		Debug|Any CPU = Debug|Any CPU
		Release|Any CPU = Release|Any CPU
	EndGlobalSection
	GlobalSection(ProjectConfigurationPlatforms) = postSolution
		{CEB4F6CD-4773-491A-852B-429D7ADB8158}.Debug|Any CPU.ActiveCfg = Debug|Any CPU
		{CEB4F6CD-4773-491A-852B-429D7ADB8158}.Debug|Any CPU.Build.0 = Debug|Any CPU
		{CEB4F6CD-4773-491A-852B-429D7ADB8158}.Release|Any CPU.ActiveCfg = Release|Any CPU
		{CEB4F6CD-4773-491A-852B-429D7ADB8158}.Release|Any CPU.Build.0 = Release|Any CPU
	EndGlobalSection
	GlobalSection(SolutionProperties) = preSolution
		HideSolutionNode = FALSE
	EndGlobalSection
	GlobalSection(ExtensibilityGlobals) = postSolution
		SolutionGuid = {EAAC30EB-2916-4CE1-AE33-15171CB59569}
	EndGlobalSection
EndGlobal
